# THIS IS AN AUTOGENERATED FILE. DO NOT EDIT THIS FILE DIRECTLY.
# yarn lockfile v1


"@sindresorhus/is@^4.0.0":
  "integrity" "sha512-QppPM/8l3Mawvh4rn9CNEYIU9bxpXUCRMaX9yUpvBk1nMKusLKpfXGDEKExKaPhLzcn3lzil7pR6rnJ11HgeRQ=="
  "resolved" "https://registry.npmjs.org/@sindresorhus/is/-/is-4.4.0.tgz"
  "version" "4.4.0"

"@szmarczak/http-timer@^4.0.5":
  "integrity" "sha512-4BAffykYOgO+5nzBWYwE3W90sBgLJoUPRWWcL8wlyiM8IB8ipJz3UMJ9KXQd1RKQXpKp8Tutn80HZtWsu2u76w=="
  "resolved" "https://registry.npmjs.org/@szmarczak/http-timer/-/http-timer-4.0.6.tgz"
  "version" "4.0.6"
  dependencies:
    "defer-to-connect" "^2.0.0"

"@types/cacheable-request@^6.0.1":
  "integrity" "sha512-B3xVo+dlKM6nnKTcmm5ZtY/OL8bOAOd2Olee9M1zft65ox50OzjEHW91sDiU9j6cvW8Ejg1/Qkf4xd2kugApUA=="
  "resolved" "https://registry.npmjs.org/@types/cacheable-request/-/cacheable-request-6.0.2.tgz"
  "version" "6.0.2"
  dependencies:
    "@types/http-cache-semantics" "*"
    "@types/keyv" "*"
    "@types/node" "*"
    "@types/responselike" "*"

"@types/http-cache-semantics@*":
  "integrity" "sha512-SZs7ekbP8CN0txVG2xVRH6EgKmEm31BOxA07vkFaETzZz1xh+cbt8BcI0slpymvwhx5dlFnQG2rTlPVQn+iRPQ=="
  "resolved" "https://registry.npmjs.org/@types/http-cache-semantics/-/http-cache-semantics-4.0.1.tgz"
  "version" "4.0.1"

"@types/keyv@*":
  "integrity" "sha512-FXCJgyyN3ivVgRoml4h94G/p3kY+u/B86La+QptcqJaWtBWtmc6TtkNfS40n9bIvyLteHh7zXOtgbobORKPbDg=="
  "resolved" "https://registry.npmjs.org/@types/keyv/-/keyv-3.1.3.tgz"
  "version" "3.1.3"
  dependencies:
    "@types/node" "*"

"@types/node@*":
  "integrity" "sha512-SbjLmERksKOGzWzPNuW7fJM7fk3YXVTFiZWB/Hs99gwhk+/dnrQRPBQjPW9aO+fi1tAffi9PrwFvsmOKmDTyng=="
  "resolved" "https://registry.npmjs.org/@types/node/-/node-17.0.14.tgz"
  "version" "17.0.14"

"@types/responselike@*", "@types/responselike@^1.0.0":
  "integrity" "sha512-85Y2BjiufFzaMIlvJDvTTB8Fxl2xfLo4HgmHzVBz08w4wDePCTjYw66PdrolO0kzli3yam/YCgRufyo1DdQVTA=="
  "resolved" "https://registry.npmjs.org/@types/responselike/-/responselike-1.0.0.tgz"
  "version" "1.0.0"
  dependencies:
    "@types/node" "*"

"async@^2.6.1":
  "integrity" "sha512-H1qVYh1MYhEEFLsP97cVKqCGo7KfCyTt6uEWqsTBr9SO84oK9Uwbyd/yCW+6rKJLHksBNUVWZDAjfS+Ccx0Bbg=="
  "resolved" "https://registry.npmjs.org/async/-/async-2.6.2.tgz"
  "version" "2.6.2"
  dependencies:
    "lodash" "^4.17.11"

"cacheable-lookup@^5.0.3":
  "integrity" "sha512-2/kNscPhpcxrOigMZzbiWF7dz8ilhb/nIHU3EyZiXWXpeq/au8qJ8VhdftMkty3n7Gj6HIGalQG8oiBNB3AJgA=="
  "resolved" "https://registry.npmjs.org/cacheable-lookup/-/cacheable-lookup-5.0.4.tgz"
  "version" "5.0.4"

"cacheable-request@^7.0.2":
  "integrity" "sha512-pouW8/FmiPQbuGpkXQ9BAPv/Mo5xDGANgSNXzTzJ8DrKGuXOssM4wIQRjfanNRh3Yu5cfYPvcorqbhg2KIJtew=="
  "resolved" "https://registry.npmjs.org/cacheable-request/-/cacheable-request-7.0.2.tgz"
  "version" "7.0.2"
  dependencies:
    "clone-response" "^1.0.2"
    "get-stream" "^5.1.0"
    "http-cache-semantics" "^4.0.0"
    "keyv" "^4.0.0"
    "lowercase-keys" "^2.0.0"
    "normalize-url" "^6.0.1"
    "responselike" "^2.0.0"

"clone-response@^1.0.2":
  "integrity" "sha1-0dyXOSAxTfZ/vrlCI7TuNQI56Ws="
  "resolved" "https://registry.npmjs.org/clone-response/-/clone-response-1.0.2.tgz"
  "version" "1.0.2"
  dependencies:
    "mimic-response" "^1.0.0"

"coffeescript@^2.3.2":
  "integrity" "sha512-YObiFDoukx7qPBi/K0kUKyntEZDfBQiqs/DbrR1xzASKOBjGT7auD85/DiPeRr9k++lRj7l3uA9TNMLfyfcD/Q=="
  "resolved" "https://registry.npmjs.org/coffeescript/-/coffeescript-2.3.2.tgz"
  "version" "2.3.2"

"commander@^3.0.0":
  "integrity" "sha512-pl3QrGOBa9RZaslQiqnnKX2J068wcQw7j9AIaBQ9/JEp5RY6je4jKTImg0Bd+rpoONSe7GUFSgkxLeo17m3Pow=="
  "resolved" "https://registry.npmjs.org/commander/-/commander-3.0.0.tgz"
  "version" "3.0.0"

"decompress-response@^6.0.0":
  "integrity" "sha512-aW35yZM6Bb/4oJlZncMH2LCoZtJXTRxES17vE3hoRiowU2kWHaJKFkSBDnDR+cm9J+9QhXmREyIfv0pji9ejCQ=="
  "resolved" "https://registry.npmjs.org/decompress-response/-/decompress-response-6.0.0.tgz"
  "version" "6.0.0"
  dependencies:
    "mimic-response" "^3.1.0"

"defer-to-connect@^2.0.0":
  "integrity" "sha512-4tvttepXG1VaYGrRibk5EwJd1t4udunSOVMdLSAL6mId1ix438oPwPZMALY41FCijukO1L0twNcGsdzS7dHgDg=="
  "resolved" "https://registry.npmjs.org/defer-to-connect/-/defer-to-connect-2.0.1.tgz"
  "version" "2.0.1"

"detect-indent@~6.0.0":
  "integrity" "sha512-oSyFlqaTHCItVRGK5RmrmjB+CmaMOW7IaNA/kdxqhoa6d17j/5ce9O9eWXmV/KEdRwqpQA+Vqe8a8Bsybu4YnA=="
  "resolved" "https://registry.npmjs.org/detect-indent/-/detect-indent-6.0.0.tgz"
  "version" "6.0.0"

"docopt@~0.6.2":
  "integrity" "sha512-NqTbaYeE4gA/wU1hdKFdU+AFahpDOpgGLzHP42k6H6DKExJd0A55KEVWYhL9FEmHmgeLvEU2vuKXDuU+4yToOw=="
  "resolved" "https://registry.npmjs.org/docopt/-/docopt-0.6.2.tgz"
  "version" "0.6.2"

"dot-json@^1.3.0":
  "integrity" "sha512-Pu11Prog/Yjf2lBICow82/DSV46n3a2XT1Rqt/CeuhkO1fuacF7xydYhI0SwQx2Ue0jCyLtQzgKPFEO6ewv+bQ=="
  "resolved" "https://registry.npmjs.org/dot-json/-/dot-json-1.3.0.tgz"
  "version" "1.3.0"
  dependencies:
    "detect-indent" "~6.0.0"
    "docopt" "~0.6.2"
    "underscore-keypath" "~0.0.22"

"end-of-stream@^1.1.0":
  "integrity" "sha512-+uw1inIHVPQoaVuHzRyXd21icM+cnt4CzD5rW+NC1wjOUSTOs+Te7FOv7AhN7vS9x/oIyhLP5PR1H+phQAHu5Q=="
  "resolved" "https://registry.npmjs.org/end-of-stream/-/end-of-stream-1.4.4.tgz"
  "version" "1.4.4"
  dependencies:
    "once" "^1.4.0"

"get-stream@^5.1.0":
  "integrity" "sha512-nBF+F1rAZVCu/p7rjzgA+Yb4lfYXrpl7a6VmJrU8wF9I1CKvP/QwPNZHnOlwbTkY6dvtFIzFMSyQXbLoTQPRpA=="
  "resolved" "https://registry.npmjs.org/get-stream/-/get-stream-5.2.0.tgz"
  "version" "5.2.0"
  dependencies:
    "pump" "^3.0.0"

"got@^11.8.2":
  "integrity" "sha512-7gtQ5KiPh1RtGS9/Jbv1ofDpBFuq42gyfEib+ejaRBJuj/3tQFeR5+gw57e4ipaU8c/rCjvX6fkQz2lyDlGAOg=="
  "resolved" "https://registry.npmjs.org/got/-/got-11.8.3.tgz"
  "version" "11.8.3"
  dependencies:
    "@sindresorhus/is" "^4.0.0"
    "@szmarczak/http-timer" "^4.0.5"
    "@types/cacheable-request" "^6.0.1"
    "@types/responselike" "^1.0.0"
    "cacheable-lookup" "^5.0.3"
    "cacheable-request" "^7.0.2"
    "decompress-response" "^6.0.0"
    "http2-wrapper" "^1.0.0-beta.5.2"
    "lowercase-keys" "^2.0.0"
    "p-cancelable" "^2.0.0"
    "responselike" "^2.0.0"

"http-cache-semantics@^4.0.0":
  "integrity" "sha512-carPklcUh7ROWRK7Cv27RPtdhYhUsela/ue5/jKzjegVvXDqM2ILE9Q2BGn9JZJh1g87cp56su/FgQSzcWS8cQ=="
  "resolved" "https://registry.npmjs.org/http-cache-semantics/-/http-cache-semantics-4.1.0.tgz"
  "version" "4.1.0"

"http2-wrapper@^1.0.0-beta.5.2":
  "integrity" "sha512-V+23sDMr12Wnz7iTcDeJr3O6AIxlnvT/bmaAAAP/Xda35C90p9599p0F1eHR/N1KILWSoWVAiOMFjBBXaXSMxg=="
  "resolved" "https://registry.npmjs.org/http2-wrapper/-/http2-wrapper-1.0.3.tgz"
  "version" "1.0.3"
  dependencies:
    "quick-lru" "^5.1.1"
    "resolve-alpn" "^1.0.0"

"json-buffer@3.0.1":
  "integrity" "sha512-4bV5BfR2mqfQTJm+V5tPPdf+ZpuhiIvTuAB5g8kcrXOZpTT/QwwVRWBywX1ozr6lEuPdbHxwaJlm9G6mI2sfSQ=="
  "resolved" "https://registry.npmjs.org/json-buffer/-/json-buffer-3.0.1.tgz"
  "version" "3.0.1"

"keyv@^4.0.0":
  "integrity" "sha512-YsY3wr6HabE11/sscee+3nZ03XjvkrPWGouAmJFBdZoK92wiOlJCzI5/sDEIKdJhdhHO144ei45U9gXfbu14Uw=="
  "resolved" "https://registry.npmjs.org/keyv/-/keyv-4.1.0.tgz"
  "version" "4.1.0"
  dependencies:
    "json-buffer" "3.0.1"

"lodash.clonedeep@^4.5.0":
  "integrity" "sha512-H5ZhCF25riFd9uB5UCkVKo61m3S/xZk1x4wA6yp/L3RFP6Z/eHH1ymQcGLo7J3GMPfm0V/7m1tryHuGVxpqEBQ=="
  "resolved" "https://registry.npmjs.org/lodash.clonedeep/-/lodash.clonedeep-4.5.0.tgz"
  "version" "4.5.0"

"lodash@^4.17.11":
  "integrity" "sha512-cQKh8igo5QUhZ7lg38DYWAxMvjSAKG0A8wGSVimP07SIUEK2UO+arSRKbRZWtelMtN5V0Hkwh5ryOto/SshYIg=="
  "resolved" "https://registry.npmjs.org/lodash/-/lodash-4.17.11.tgz"
  "version" "4.17.11"

"lowercase-keys@^2.0.0":
  "integrity" "sha512-tqNXrS78oMOE73NMxK4EMLQsQowWf8jKooH9g7xPavRT706R6bkQJ6DY2Te7QukaZsulxa30wQ7bk0pm4XiHmA=="
  "resolved" "https://registry.npmjs.org/lowercase-keys/-/lowercase-keys-2.0.0.tgz"
  "version" "2.0.0"

"mimic-response@^1.0.0":
  "integrity" "sha512-j5EctnkH7amfV/q5Hgmoal1g2QHFJRraOtmx0JpIqkxhBhI/lJSl1nMpQ45hVarwNETOoWEimndZ4QK0RHxuxQ=="
  "resolved" "https://registry.npmjs.org/mimic-response/-/mimic-response-1.0.1.tgz"
  "version" "1.0.1"

"mimic-response@^3.1.0":
  "integrity" "sha512-z0yWI+4FDrrweS8Zmt4Ej5HdJmky15+L2e6Wgn3+iK5fWzb6T3fhNFq2+MeTRb064c6Wr4N/wv0DzQTjNzHNGQ=="
  "resolved" "https://registry.npmjs.org/mimic-response/-/mimic-response-3.1.0.tgz"
  "version" "3.1.0"

"normalize-url@^6.0.1":
  "integrity" "sha512-DlL+XwOy3NxAQ8xuC0okPgK46iuVNAK01YN7RueYBqqFeGsBjV9XmCAzAdgt+667bCl5kPh9EqKKDwnaPG1I7A=="
  "resolved" "https://registry.npmjs.org/normalize-url/-/normalize-url-6.1.0.tgz"
  "version" "6.1.0"

"once@^1.3.1", "once@^1.4.0":
  "integrity" "sha1-WDsap3WWHUsROsF9nFC6753Xa9E="
  "resolved" "https://registry.npmjs.org/once/-/once-1.4.0.tgz"
  "version" "1.4.0"
  dependencies:
    "wrappy" "1"

"p-cancelable@^2.0.0":
  "integrity" "sha512-BZOr3nRQHOntUjTrH8+Lh54smKHoHyur8We1V8DSMVrl5A2malOOwuJRnKRDjSnkoeBh4at6BwEnb5I7Jl31wg=="
  "resolved" "https://registry.npmjs.org/p-cancelable/-/p-cancelable-2.1.1.tgz"
  "version" "2.1.1"

"pump@^3.0.0":
  "integrity" "sha512-LwZy+p3SFs1Pytd/jYct4wpv49HiYCqd9Rlc5ZVdk0V+8Yzv6jR5Blk3TRmPL1ft69TxP0IMZGJ+WPFU2BFhww=="
  "resolved" "https://registry.npmjs.org/pump/-/pump-3.0.0.tgz"
  "version" "3.0.0"
  dependencies:
    "end-of-stream" "^1.1.0"
    "once" "^1.3.1"

"quick-lru@^5.1.1":
  "integrity" "sha512-WuyALRjWPDGtt/wzJiadO5AXY+8hZ80hVpe6MyivgraREW751X3SbhRvG3eLKOYN+8VEvqLcf3wdnt44Z4S4SA=="
  "resolved" "https://registry.npmjs.org/quick-lru/-/quick-lru-5.1.1.tgz"
  "version" "5.1.1"

"resolve-alpn@^1.0.0":
  "integrity" "sha512-0a1F4l73/ZFZOakJnQ3FvkJ2+gSTQWz/r2KE5OdDY0TxPm5h4GkqkWWfM47T7HsbnOtcJVEF4epCVy6u7Q3K+g=="
  "resolved" "https://registry.npmjs.org/resolve-alpn/-/resolve-alpn-1.2.1.tgz"
  "version" "1.2.1"

"responselike@^2.0.0":
  "integrity" "sha512-xH48u3FTB9VsZw7R+vvgaKeLKzT6jOogbQhEe/jewwnZgzPcnyWui2Av6JpoYZF/91uueC+lqhWqeURw5/qhCw=="
  "resolved" "https://registry.npmjs.org/responselike/-/responselike-2.0.0.tgz"
  "version" "2.0.0"
  dependencies:
    "lowercase-keys" "^2.0.0"

"sax@^1.2.4":
  "integrity" "sha512-NqVDv9TpANUjFm0N8uM5GxL36UgKi9/atZw+x7YFnQ8ckwFGKrl4xX4yWtrey3UJm5nP1kUbnYgLopqWNSRhWw=="
  "resolved" "https://registry.npmjs.org/sax/-/sax-1.2.4.tgz"
  "version" "1.2.4"

"underscore-keypath@~0.0.22":
  "integrity" "sha512-fU7aYj1J2LQd+jqdQ67AlCOZKK3Pl+VErS8fGYcgZG75XB9/bY+RLM+F2xEcKHhHNtLvqqFyXAoZQlLYfec3Xg=="
  "resolved" "https://registry.npmjs.org/underscore-keypath/-/underscore-keypath-0.0.22.tgz"
  "version" "0.0.22"
  dependencies:
    "underscore" "*"

"underscore@*":
  "integrity" "sha512-+A5Sja4HP1M08MaXya7p5LvjuM7K6q/2EaC0+iovj/wOcMsTzMvDFbasi/oSapiwOlt252IqsKqPjCl7huKS0A=="
  "resolved" "https://registry.npmjs.org/underscore/-/underscore-1.13.6.tgz"
  "version" "1.13.6"

"user-agents@^1.0.1383":
  "integrity" "sha512-RWZWIu/uI+xiXBRvsQrWVsnzB228hM3eaJ/1Ou1xAKTyQlEX76Bx/wUGaOaEGAnSdYA6e2MoIJa/WUQ3rz5jvw=="
  "resolved" "https://registry.npmjs.org/user-agents/-/user-agents-1.0.1383.tgz"
  "version" "1.0.1383"
  dependencies:
    "dot-json" "^1.3.0"
    "lodash.clonedeep" "^4.5.0"

"wrappy@1":
  "integrity" "sha1-tSQ9jz7BqjXxNkYFvA0QNuMKtp8="
  "resolved" "https://registry.npmjs.org/wrappy/-/wrappy-1.0.2.tgz"
  "version" "1.0.2"
